
Microsoft Visual Studio Solution File, Format Version 12.00
# Visual Studio Version 17
VisualStudioVersion = 17.10.35013.160
MinimumVisualStudioVersion = 10.0.40219.1
Project("{9A19103F-16F7-4668-BE54-9A1E7A4F7556}") = "SAE201", "SAE201\SAE201.csproj", "{EDC95807-BE04-4306-A857-85C1EE2031B2}"
EndProject
Project("{FAE04EC0-301F-11D3-BF4B-00C04F79EFBC}") = "SAE201Tests", "SAE201Tests\SAE201Tests.csproj", "{8566CDBE-1EDA-4CC5-A3FA-113720FAA35F}"
EndProject
Global
	GlobalSection(SolutionConfigurationPlatforms) = preSolution
		Debug|Any CPU = Debug|Any CPU
		Release|Any CPU = Release|Any CPU
	EndGlobalSection
	GlobalSection(ProjectConfigurationPlatforms) = postSolution
		{EDC95807-BE04-4306-A857-85C1EE2031B2}.Debug|Any CPU.ActiveCfg = Debug|Any CPU
		{EDC95807-BE04-4306-A857-85C1EE2031B2}.Debug|Any CPU.Build.0 = Debug|Any CPU
		{EDC95807-BE04-4306-A857-85C1EE2031B2}.Release|Any CPU.ActiveCfg = Release|Any CPU
		{EDC95807-BE04-4306-A857-85C1EE2031B2}.Release|Any CPU.Build.0 = Release|Any CPU
		{8566CDBE-1EDA-4CC5-A3FA-113720FAA35F}.Debug|Any CPU.ActiveCfg = Debug|Any CPU
		{8566CDBE-1EDA-4CC5-A3FA-113720FAA35F}.Debug|Any CPU.Build.0 = Debug|Any CPU
		{8566CDBE-1EDA-4CC5-A3FA-113720FAA35F}.Release|Any CPU.ActiveCfg = Release|Any CPU
		{8566CDBE-1EDA-4CC5-A3FA-113720FAA35F}.Release|Any CPU.Build.0 = Release|Any CPU
	EndGlobalSection
	GlobalSection(SolutionProperties) = preSolution
		HideSolutionNode = FALSE
	EndGlobalSection
	GlobalSection(ExtensibilityGlobals) = postSolution
		SolutionGuid = {D6C5F627-3F12-4448-A4F2-93D783EEA8FE}
	EndGlobalSection
EndGlobal
